
Microsoft Visual Studio Solution File, Format Version 12.00
# Visual Studio Version 16
VisualStudioVersion = 16.0.30717.126
MinimumVisualStudioVersion = 10.0.40219.1
Project("{FAE04EC0-301F-11D3-BF4B-00C04F79EFBC}") = "MvcMovie", "MvcMovie\MvcMovie.csproj", "{A6674589-6BDB-4CCF-9793-72AF7F7166FF}"
EndProject
Global
	GlobalSection(SolutionConfigurationPlatforms) = preSolution
		Debug|Any CPU = Debug|Any CPU
		Release|Any CPU = Release|Any CPU
	EndGlobalSection
	GlobalSection(ProjectConfigurationPlatforms) = postSolution
		{A6674589-6BDB-4CCF-9793-72AF7F7166FF}.Debug|Any CPU.ActiveCfg = Debug|Any CPU
		{A6674589-6BDB-4CCF-9793-72AF7F7166FF}.Debug|Any CPU.Build.0 = Debug|Any CPU
		{A6674589-6BDB-4CCF-9793-72AF7F7166FF}.Release|Any CPU.ActiveCfg = Release|Any CPU
		{A6674589-6BDB-4CCF-9793-72AF7F7166FF}.Release|Any CPU.Build.0 = Release|Any CPU
	EndGlobalSection
	GlobalSection(SolutionProperties) = preSolution
		HideSolutionNode = FALSE
	EndGlobalSection
	GlobalSection(ExtensibilityGlobals) = postSolution
		SolutionGuid = {C2DE7D57-24F4-41DF-8770-B3BD07A5B504}
	EndGlobalSection
EndGlobal
